# THIS IS AN AUTOGENERATED FILE. DO NOT EDIT THIS FILE DIRECTLY.
# yarn lockfile v1


"@types/fs-extra@0.0.33":
  version "0.0.33"
  resolved "https://registry.yarnpkg.com/@types/fs-extra/-/fs-extra-0.0.33.tgz#a8719c417b080c012d3497b28e228ac09745fdf2"
  dependencies:
    "@types/node" "*"

"@types/handlebars@^4.0.31":
  version "4.0.32"
  resolved "https://registry.yarnpkg.com/@types/handlebars/-/handlebars-4.0.32.tgz#637e8d945a9354aab47df7125005490fe9f8e592"

"@types/highlight.js@^9.1.8":
  version "9.1.9"
  resolved "https://registry.yarnpkg.com/@types/highlight.js/-/highlight.js-9.1.9.tgz#ed6336955eaf233b75eb7923b9b1f373d045ef01"

"@types/lodash@^4.14.37":
  version "4.14.62"
  resolved "https://registry.yarnpkg.com/@types/lodash/-/lodash-4.14.62.tgz#8674f9861582148a60b7a89cb260f11378d11683"

"@types/marked@0.0.28":
  version "0.0.28"
  resolved "https://registry.yarnpkg.com/@types/marked/-/marked-0.0.28.tgz#44ba754e9fa51432583e8eb30a7c4dd249b52faa"

"@types/minimatch@^2.0.29":
  version "2.0.29"
  resolved "https://registry.yarnpkg.com/@types/minimatch/-/minimatch-2.0.29.tgz#5002e14f75e2d71e564281df0431c8c1b4a2a36a"

"@types/node@*", "@types/node@^7.0.12":
  version "7.0.12"
  resolved "https://registry.yarnpkg.com/@types/node/-/node-7.0.12.tgz#ae5f67a19c15f752148004db07cbbb372e69efc9"

"@types/shelljs@^0.3.32":
  version "0.3.33"
  resolved "https://registry.yarnpkg.com/@types/shelljs/-/shelljs-0.3.33.tgz#df613bddb88225ed09ce5c835f620dcaaf155e6b"
  dependencies:
    "@types/node" "*"

align-text@^0.1.1, align-text@^0.1.3:
  version "0.1.4"
  resolved "https://registry.yarnpkg.com/align-text/-/align-text-0.1.4.tgz#0cd90a561093f35d0a99256c22b7069433fad117"
  dependencies:
    kind-of "^3.0.2"
    longest "^1.0.1"
    repeat-string "^1.5.2"

amdefine@>=0.0.4:
  version "1.0.1"
  resolved "https://registry.yarnpkg.com/amdefine/-/amdefine-1.0.1.tgz#4a5282ac164729e93619bcfd3ad151f817ce91f5"

async@^1.4.0:
  version "1.5.2"
  resolved "https://registry.yarnpkg.com/async/-/async-1.5.2.tgz#ec6a61ae56480c0c3cb241c95618e20892f9672a"

balanced-match@^0.4.1:
  version "0.4.2"
  resolved "https://registry.yarnpkg.com/balanced-match/-/balanced-match-0.4.2.tgz#cb3f3e3c732dc0f01ee70b403f302e61d7709838"

brace-expansion@^1.0.0:
  version "1.1.7"
  resolved "https://registry.yarnpkg.com/brace-expansion/-/brace-expansion-1.1.7.tgz#3effc3c50e000531fb720eaff80f0ae8ef23cf59"
  dependencies:
    balanced-match "^0.4.1"
    concat-map "0.0.1"

camelcase@^1.0.2:
  version "1.2.1"
  resolved "https://registry.yarnpkg.com/camelcase/-/camelcase-1.2.1.tgz#9bb5304d2e0b56698b2c758b08a3eaa9daa58a39"

center-align@^0.1.1:
  version "0.1.3"
  resolved "https://registry.yarnpkg.com/center-align/-/center-align-0.1.3.tgz#aa0d32629b6ee972200411cbd4461c907bc2b7ad"
  dependencies:
    align-text "^0.1.3"
    lazy-cache "^1.0.3"

cliui@^2.1.0:
  version "2.1.0"
  resolved "https://registry.yarnpkg.com/cliui/-/cliui-2.1.0.tgz#4b475760ff80264c762c3a1719032e91c7fea0d1"
  dependencies:
    center-align "^0.1.1"
    right-align "^0.1.1"
    wordwrap "0.0.2"

concat-map@0.0.1:
  version "0.0.1"
  resolved "https://registry.yarnpkg.com/concat-map/-/concat-map-0.0.1.tgz#d8a96bd77fd68df7793a73036a3ba0d5405d477b"

decamelize@^1.0.0:
  version "1.2.0"
  resolved "https://registry.yarnpkg.com/decamelize/-/decamelize-1.2.0.tgz#f6534d15148269b20352e7bee26f501f9a191290"

fs-extra@^2.0.0:
  version "2.1.2"
  resolved "https://registry.yarnpkg.com/fs-extra/-/fs-extra-2.1.2.tgz#046c70163cef9aad46b0e4a7fa467fb22d71de35"
  dependencies:
    graceful-fs "^4.1.2"
    jsonfile "^2.1.0"

fs.realpath@^1.0.0:
  version "1.0.0"
  resolved "https://registry.yarnpkg.com/fs.realpath/-/fs.realpath-1.0.0.tgz#1504ad2523158caa40db4a2787cb01411994ea4f"

glob@^7.0.0:
  version "7.1.1"
  resolved "https://registry.yarnpkg.com/glob/-/glob-7.1.1.tgz#805211df04faaf1c63a3600306cdf5ade50b2ec8"
  dependencies:
    fs.realpath "^1.0.0"
    inflight "^1.0.4"
    inherits "2"
    minimatch "^3.0.2"
    once "^1.3.0"
    path-is-absolute "^1.0.0"

graceful-fs@^4.1.2, graceful-fs@^4.1.6:
  version "4.1.11"
  resolved "https://registry.yarnpkg.com/graceful-fs/-/graceful-fs-4.1.11.tgz#0e8bdfe4d1ddb8854d64e04ea7c00e2a026e5658"

handlebars@4.0.5:
  version "4.0.5"
  resolved "https://registry.yarnpkg.com/handlebars/-/handlebars-4.0.5.tgz#92c6ed6bb164110c50d4d8d0fbddc70806c6f8e7"
  dependencies:
    async "^1.4.0"
    optimist "^0.6.1"
    source-map "^0.4.4"
  optionalDependencies:
    uglify-js "^2.6"

highlight.js@^9.0.0:
  version "9.10.0"
  resolved "https://registry.yarnpkg.com/highlight.js/-/highlight.js-9.10.0.tgz#f9f0b14c0be00f0e4fb1e577b749fed9e6f52f55"

inflight@^1.0.4:
  version "1.0.6"
  resolved "https://registry.yarnpkg.com/inflight/-/inflight-1.0.6.tgz#49bd6331d7d02d0c09bc910a1075ba8165b56df9"
  dependencies:
    once "^1.3.0"
    wrappy "1"

inherits@2:
  version "2.0.3"
  resolved "https://registry.yarnpkg.com/inherits/-/inherits-2.0.3.tgz#633c2c83e3da42a502f52466022480f4208261de"

interpret@^1.0.0:
  version "1.0.2"
  resolved "https://registry.yarnpkg.com/interpret/-/interpret-1.0.2.tgz#f4f623f0bb7122f15f5717c8e254b8161b5c5b2d"

is-buffer@^1.0.2:
  version "1.1.5"
  resolved "https://registry.yarnpkg.com/is-buffer/-/is-buffer-1.1.5.tgz#1f3b26ef613b214b88cbca23cc6c01d87961eecc"

jsonfile@^2.1.0:
  version "2.4.0"
  resolved "https://registry.yarnpkg.com/jsonfile/-/jsonfile-2.4.0.tgz#3736a2b428b87bbda0cc83b53fa3d633a35c2ae8"
  optionalDependencies:
    graceful-fs "^4.1.6"

kind-of@^3.0.2:
  version "3.1.0"
  resolved "https://registry.yarnpkg.com/kind-of/-/kind-of-3.1.0.tgz#475d698a5e49ff5e53d14e3e732429dc8bf4cf47"
  dependencies:
    is-buffer "^1.0.2"

lazy-cache@^1.0.3:
  version "1.0.4"
  resolved "https://registry.yarnpkg.com/lazy-cache/-/lazy-cache-1.0.4.tgz#a1d78fc3a50474cb80845d3b3b6e1da49a446e8e"

lodash@^4.13.1:
  version "4.17.4"
  resolved "https://registry.yarnpkg.com/lodash/-/lodash-4.17.4.tgz#78203a4d1c328ae1d86dca6460e369b57f4055ae"

longest@^1.0.1:
  version "1.0.1"
  resolved "https://registry.yarnpkg.com/longest/-/longest-1.0.1.tgz#30a0b2da38f73770e8294a0d22e6625ed77d0097"

marked@^0.3.5:
  version "0.3.6"
  resolved "https://registry.yarnpkg.com/marked/-/marked-0.3.6.tgz#b2c6c618fccece4ef86c4fc6cb8a7cbf5aeda8d7"

minimatch@^3.0.0, minimatch@^3.0.2:
  version "3.0.3"
  resolved "https://registry.yarnpkg.com/minimatch/-/minimatch-3.0.3.tgz#2a4e4090b96b2db06a9d7df01055a62a77c9b774"
  dependencies:
    brace-expansion "^1.0.0"

minimist@~0.0.1:
  version "0.0.10"
  resolved "https://registry.yarnpkg.com/minimist/-/minimist-0.0.10.tgz#de3f98543dbf96082be48ad1a0c7cda836301dcf"

once@^1.3.0:
  version "1.4.0"
  resolved "https://registry.yarnpkg.com/once/-/once-1.4.0.tgz#583b1aa775961d4b113ac17d9c50baef9dd76bd1"
  dependencies:
    wrappy "1"

optimist@^0.6.1:
  version "0.6.1"
  resolved "https://registry.yarnpkg.com/optimist/-/optimist-0.6.1.tgz#da3ea74686fa21a19a111c326e90eb15a0196686"
  dependencies:
    minimist "~0.0.1"
    wordwrap "~0.0.2"

path-is-absolute@^1.0.0:
  version "1.0.1"
  resolved "https://registry.yarnpkg.com/path-is-absolute/-/path-is-absolute-1.0.1.tgz#174b9268735534ffbc7ace6bf53a5a9e1b5c5f5f"

path-parse@^1.0.5:
  version "1.0.5"
  resolved "https://registry.yarnpkg.com/path-parse/-/path-parse-1.0.5.tgz#3c1adf871ea9cd6c9431b6ea2bd74a0ff055c4c1"

progress@^1.1.8:
  version "1.1.8"
  resolved "https://registry.yarnpkg.com/progress/-/progress-1.1.8.tgz#e260c78f6161cdd9b0e56cc3e0a85de17c7a57be"

rechoir@^0.6.2:
  version "0.6.2"
  resolved "https://registry.yarnpkg.com/rechoir/-/rechoir-0.6.2.tgz#85204b54dba82d5742e28c96756ef43af50e3384"
  dependencies:
    resolve "^1.1.6"

repeat-string@^1.5.2:
  version "1.6.1"
  resolved "https://registry.yarnpkg.com/repeat-string/-/repeat-string-1.6.1.tgz#8dcae470e1c88abc2d600fff4a776286da75e637"

resolve@^1.1.6:
  version "1.3.2"
  resolved "https://registry.yarnpkg.com/resolve/-/resolve-1.3.2.tgz#1f0442c9e0cbb8136e87b9305f932f46c7f28235"
  dependencies:
    path-parse "^1.0.5"

right-align@^0.1.1:
  version "0.1.3"
  resolved "https://registry.yarnpkg.com/right-align/-/right-align-0.1.3.tgz#61339b722fe6a3515689210d24e14c96148613ef"
  dependencies:
    align-text "^0.1.1"

shelljs@^0.7.0:
  version "0.7.7"
  resolved "https://registry.yarnpkg.com/shelljs/-/shelljs-0.7.7.tgz#b2f5c77ef97148f4b4f6e22682e10bba8667cff1"
  dependencies:
    glob "^7.0.0"
    interpret "^1.0.0"
    rechoir "^0.6.2"

source-map@^0.4.4:
  version "0.4.4"
  resolved "https://registry.yarnpkg.com/source-map/-/source-map-0.4.4.tgz#eba4f5da9c0dc999de68032d8b4f76173652036b"
  dependencies:
    amdefine ">=0.0.4"

source-map@~0.5.1:
  version "0.5.6"
  resolved "https://registry.yarnpkg.com/source-map/-/source-map-0.5.6.tgz#75ce38f52bf0733c5a7f0c118d81334a2bb5f412"

tslib@^1.6.0:
  version "1.6.0"
  resolved "https://registry.yarnpkg.com/tslib/-/tslib-1.6.0.tgz#cf36c93e02ae86a20fc131eae511162b869a6652"

typedoc-default-themes@^0.4.2:
  version "0.4.4"
  resolved "https://registry.yarnpkg.com/typedoc-default-themes/-/typedoc-default-themes-0.4.4.tgz#abe997dcf17462b627438bc63b65c50d363c252f"

typedoc@^0.5.10:
  version "0.5.10"
  resolved "https://registry.yarnpkg.com/typedoc/-/typedoc-0.5.10.tgz#4bd60c53c423811931fc519ffb36e58338824335"
  dependencies:
    "@types/fs-extra" "0.0.33"
    "@types/handlebars" "^4.0.31"
    "@types/highlight.js" "^9.1.8"
    "@types/lodash" "^4.14.37"
    "@types/marked" "0.0.28"
    "@types/minimatch" "^2.0.29"
    "@types/shelljs" "^0.3.32"
    fs-extra "^2.0.0"
    handlebars "4.0.5"
    highlight.js "^9.0.0"
    lodash "^4.13.1"
    marked "^0.3.5"
    minimatch "^3.0.0"
    progress "^1.1.8"
    shelljs "^0.7.0"
    typedoc-default-themes "^0.4.2"
    typescript "2.2.2"

typescript@2.2.2:
  version "2.2.2"
  resolved "https://registry.yarnpkg.com/typescript/-/typescript-2.2.2.tgz#606022508479b55ffa368b58fee963a03dfd7b0c"

typescript@^2.2.2:
  version "2.3.0"
  resolved "https://registry.yarnpkg.com/typescript/-/typescript-2.3.0.tgz#2e63e09284392bc8158a2444c33e2093795c0418"

uglify-js@^2.6:
  version "2.8.22"
  resolved "https://registry.yarnpkg.com/uglify-js/-/uglify-js-2.8.22.tgz#d54934778a8da14903fa29a326fb24c0ab51a1a0"
  dependencies:
    source-map "~0.5.1"
    yargs "~3.10.0"
  optionalDependencies:
    uglify-to-browserify "~1.0.0"

uglify-to-browserify@~1.0.0:
  version "1.0.2"
  resolved "https://registry.yarnpkg.com/uglify-to-browserify/-/uglify-to-browserify-1.0.2.tgz#6e0924d6bda6b5afe349e39a6d632850a0f882b7"

window-size@0.1.0:
  version "0.1.0"
  resolved "https://registry.yarnpkg.com/window-size/-/window-size-0.1.0.tgz#5438cd2ea93b202efa3a19fe8887aee7c94f9c9d"

wordwrap@0.0.2:
  version "0.0.2"
  resolved "https://registry.yarnpkg.com/wordwrap/-/wordwrap-0.0.2.tgz#b79669bb42ecb409f83d583cad52ca17eaa1643f"

wordwrap@~0.0.2:
  version "0.0.3"
  resolved "https://registry.yarnpkg.com/wordwrap/-/wordwrap-0.0.3.tgz#a3d5da6cd5c0bc0008d37234bbaf1bed63059107"

wrappy@1:
  version "1.0.2"
  resolved "https://registry.yarnpkg.com/wrappy/-/wrappy-1.0.2.tgz#b5243d8f3ec1aa35f1364605bc0d1036e30ab69f"

yargs@~3.10.0:
  version "3.10.0"
  resolved "https://registry.yarnpkg.com/yargs/-/yargs-3.10.0.tgz#f7ee7bd857dd7c1d2d38c0e74efbd681d1431fd1"
  dependencies:
    camelcase "^1.0.2"
    cliui "^2.1.0"
    decamelize "^1.0.0"
    window-size "0.1.0"
